
Microsoft Visual Studio Solution File, Format Version 12.00
# Visual Studio 2013
VisualStudioVersion = 12.0.40629.0
MinimumVisualStudioVersion = 10.0.40219.1
Project("{FAE04EC0-301F-11D3-BF4B-00C04F79EFBC}") = "Confingo.Services", "Confingo.Services\Confingo.Services.csproj", "{905F589F-6A69-4C6A-BDBD-AD36531E1FA4}"
EndProject
Project("{00D1A9C2-B5F0-4AF3-8072-F6C62B433612}") = "Confingo.Database", "Confingo.Database\Confingo.Database.sqlproj", "{E7E6BCF6-73D4-456D-88FC-F11E8A7D5ED1}"
EndProject
Project("{FAE04EC0-301F-11D3-BF4B-00C04F79EFBC}") = "Confingo.DataAccess", "Confingo.DataAccess\Confingo.DataAccess.csproj", "{F6057F51-0254-44DC-B8A0-B1390EC55CCC}"
EndProject
Project("{FAE04EC0-301F-11D3-BF4B-00C04F79EFBC}") = "Confingo.BusinessLayer", "Confingo.BusinessLayer\Confingo.BusinessLayer.csproj", "{EE378E50-7AC2-4349-9C2A-2A61BB4F2A71}"
EndProject
Project("{2150E333-8FDC-42A3-9474-1A3956D46DE8}") = "tools", "tools", "{59DF9679-5F01-427E-83A1-309AE92C8351}"
EndProject
Project("{FAE04EC0-301F-11D3-BF4B-00C04F79EFBC}") = "Confingo.BulkCodeGenerator", "Confingo.BulkCodeGenerator\Confingo.BulkCodeGenerator.csproj", "{EF091517-A03B-4FC6-96CF-43E4BC7E7D7B}"
EndProject
Global
	GlobalSection(SolutionConfigurationPlatforms) = preSolution
		Debug|Any CPU = Debug|Any CPU
		Release|Any CPU = Release|Any CPU
	EndGlobalSection
	GlobalSection(ProjectConfigurationPlatforms) = postSolution
		{905F589F-6A69-4C6A-BDBD-AD36531E1FA4}.Debug|Any CPU.ActiveCfg = Debug|Any CPU
		{905F589F-6A69-4C6A-BDBD-AD36531E1FA4}.Debug|Any CPU.Build.0 = Debug|Any CPU
		{905F589F-6A69-4C6A-BDBD-AD36531E1FA4}.Release|Any CPU.ActiveCfg = Release|Any CPU
		{905F589F-6A69-4C6A-BDBD-AD36531E1FA4}.Release|Any CPU.Build.0 = Release|Any CPU
		{E7E6BCF6-73D4-456D-88FC-F11E8A7D5ED1}.Debug|Any CPU.ActiveCfg = Debug|Any CPU
		{E7E6BCF6-73D4-456D-88FC-F11E8A7D5ED1}.Debug|Any CPU.Build.0 = Debug|Any CPU
		{E7E6BCF6-73D4-456D-88FC-F11E8A7D5ED1}.Debug|Any CPU.Deploy.0 = Debug|Any CPU
		{E7E6BCF6-73D4-456D-88FC-F11E8A7D5ED1}.Release|Any CPU.ActiveCfg = Release|Any CPU
		{E7E6BCF6-73D4-456D-88FC-F11E8A7D5ED1}.Release|Any CPU.Build.0 = Release|Any CPU
		{E7E6BCF6-73D4-456D-88FC-F11E8A7D5ED1}.Release|Any CPU.Deploy.0 = Release|Any CPU
		{F6057F51-0254-44DC-B8A0-B1390EC55CCC}.Debug|Any CPU.ActiveCfg = Debug|Any CPU
		{F6057F51-0254-44DC-B8A0-B1390EC55CCC}.Debug|Any CPU.Build.0 = Debug|Any CPU
		{F6057F51-0254-44DC-B8A0-B1390EC55CCC}.Release|Any CPU.ActiveCfg = Release|Any CPU
		{F6057F51-0254-44DC-B8A0-B1390EC55CCC}.Release|Any CPU.Build.0 = Release|Any CPU
		{EE378E50-7AC2-4349-9C2A-2A61BB4F2A71}.Debug|Any CPU.ActiveCfg = Debug|Any CPU
		{EE378E50-7AC2-4349-9C2A-2A61BB4F2A71}.Debug|Any CPU.Build.0 = Debug|Any CPU
		{EE378E50-7AC2-4349-9C2A-2A61BB4F2A71}.Release|Any CPU.ActiveCfg = Release|Any CPU
		{EE378E50-7AC2-4349-9C2A-2A61BB4F2A71}.Release|Any CPU.Build.0 = Release|Any CPU
		{EF091517-A03B-4FC6-96CF-43E4BC7E7D7B}.Debug|Any CPU.ActiveCfg = Debug|Any CPU
		{EF091517-A03B-4FC6-96CF-43E4BC7E7D7B}.Debug|Any CPU.Build.0 = Debug|Any CPU
		{EF091517-A03B-4FC6-96CF-43E4BC7E7D7B}.Release|Any CPU.ActiveCfg = Release|Any CPU
		{EF091517-A03B-4FC6-96CF-43E4BC7E7D7B}.Release|Any CPU.Build.0 = Release|Any CPU
	EndGlobalSection
	GlobalSection(SolutionProperties) = preSolution
		HideSolutionNode = FALSE
	EndGlobalSection
	GlobalSection(NestedProjects) = preSolution
		{EF091517-A03B-4FC6-96CF-43E4BC7E7D7B} = {59DF9679-5F01-427E-83A1-309AE92C8351}
	EndGlobalSection
EndGlobal
